{
  "object": {
    "pins": [
      {
        "package": "SwiftBI",
        "repositoryURL": "https://github.com/Wittenstam/SwiftBI",
        "state": {
          "branch": "main",
          "revision": "3e9fddc72b9fb92240ed473552fe76d5c15bff2c",
          "version": null
        }
      }
    ]
  },
  "version": 1
}
