{
  "object": {
    "pins": [
      {
        "package": "SwiftBI",
        "repositoryURL": "https://github.com/Wittenstam/SwiftBI",
        "state": {
          "branch": "main",
          "revision": "f96fdf82ac30302b4734675df1aca1fc9cbfd254",
          "version": null
        }
      }
    ]
  },
  "version": 1
}
